# THIS IS AN AUTOGENERATED FILE. DO NOT EDIT THIS FILE DIRECTLY.
# yarn lockfile v1


ansi-styles@^3.2.1:
  version "3.2.1"
  resolved "https://registry.yarnpkg.com/ansi-styles/-/ansi-styles-3.2.1.tgz#41fbb20243e50b12be0f04b8dedbf07520ce841d"
  dependencies:
    color-convert "^1.9.0"

chalk@^2.4.2:
  version "2.4.2"
  resolved "https://registry.yarnpkg.com/chalk/-/chalk-2.4.2.tgz#cd42541677a54333cf541a49108c1432b44c9424"
  dependencies:
    ansi-styles "^3.2.1"
    escape-string-regexp "^1.0.5"
    supports-color "^5.3.0"

color-convert@^1.9.0:
  version "1.9.3"
  resolved "https://registry.yarnpkg.com/color-convert/-/color-convert-1.9.3.tgz#bb71850690e1f136567de629d2d5471deda4c1e8"
  dependencies:
    color-name "1.1.3"

color-name@1.1.3:
  version "1.1.3"
  resolved "https://registry.yarnpkg.com/color-name/-/color-name-1.1.3.tgz#a7d0558bd89c42f795dd42328f740831ca53bc25"

escape-string-regexp@^1.0.5:
  version "1.0.5"
  resolved "https://registry.yarnpkg.com/escape-string-regexp/-/escape-string-regexp-1.0.5.tgz#1b61c0562190a8dff6ae3bb2cf0200ca130b86d4"

has-flag@^3.0.0:
  version "3.0.0"
  resolved "https://registry.yarnpkg.com/has-flag/-/has-flag-3.0.0.tgz#b5d454dc2199ae225699f3467e5a07f3b955bafd"

is-absolute@^1.0.0:
  version "1.0.0"
  resolved "https://registry.yarnpkg.com/is-absolute/-/is-absolute-1.0.0.tgz#395e1ae84b11f26ad1795e73c17378e48a301576"
  dependencies:
    is-relative "^1.0.0"
    is-windows "^1.0.1"

is-relative@^1.0.0:
  version "1.0.0"
  resolved "https://registry.yarnpkg.com/is-relative/-/is-relative-1.0.0.tgz#a1bb6935ce8c5dba1e8b9754b9b2dcc020e2260d"
  dependencies:
    is-unc-path "^1.0.0"

is-unc-path@^1.0.0:
  version "1.0.0"
  resolved "https://registry.yarnpkg.com/is-unc-path/-/is-unc-path-1.0.0.tgz#d731e8898ed090a12c352ad2eaed5095ad322c9d"
  dependencies:
    unc-path-regex "^0.1.2"

is-windows@^1.0.1:
  version "1.0.2"
  resolved "https://registry.yarnpkg.com/is-windows/-/is-windows-1.0.2.tgz#d1850eb9791ecd18e6182ce12a30f396634bb19d"

map-cache@^0.2.0:
  version "0.2.2"
  resolved "https://registry.yarnpkg.com/map-cache/-/map-cache-0.2.2.tgz#c32abd0bd6525d9b051645bb4f26ac5dc98a0dbf"

parse-filepath@^1.0.2:
  version "1.0.2"
  resolved "https://registry.yarnpkg.com/parse-filepath/-/parse-filepath-1.0.2.tgz#a632127f53aaf3d15876f5872f3ffac763d6c891"
  dependencies:
    is-absolute "^1.0.0"
    map-cache "^0.2.0"
    path-root "^0.1.1"

path-root-regex@^0.1.0:
  version "0.1.2"
  resolved "https://registry.yarnpkg.com/path-root-regex/-/path-root-regex-0.1.2.tgz#bfccdc8df5b12dc52c8b43ec38d18d72c04ba96d"

path-root@^0.1.1:
  version "0.1.1"
  resolved "https://registry.yarnpkg.com/path-root/-/path-root-0.1.1.tgz#9a4a6814cac1c0cd73360a95f32083c8ea4745b7"
  dependencies:
    path-root-regex "^0.1.0"

supports-color@^5.3.0:
  version "5.5.0"
  resolved "https://registry.yarnpkg.com/supports-color/-/supports-color-5.5.0.tgz#e2e69a44ac8772f78a1ec0b35b689df6530efc8f"
  dependencies:
    has-flag "^3.0.0"

unc-path-regex@^0.1.2:
  version "0.1.2"
  resolved "https://registry.yarnpkg.com/unc-path-regex/-/unc-path-regex-0.1.2.tgz#e73dd3d7b0d7c5ed86fbac6b0ae7d8c6a69d50fa"
