# THIS IS AN AUTOGENERATED FILE. DO NOT EDIT THIS FILE DIRECTLY.
# yarn lockfile v1


bcryptjs@^2.4.3:
  version "2.4.3"
  resolved "https://registry.yarnpkg.com/bcryptjs/-/bcryptjs-2.4.3.tgz#9ab5627b93e60621ff7cdac5da9733027df1d0cb"

tatsy-shortcuts@^0.0.3:
  version "0.0.3"
  resolved "https://registry.yarnpkg.com/tatsy-shortcuts/-/tatsy-shortcuts-0.0.3.tgz#9fc08b60c0a0c902b7e2b36b6fe66e5c05779bbe"

validator@^13.7.0:
  version "13.7.0"
  resolved "https://registry.yarnpkg.com/validator/-/validator-13.7.0.tgz#4f9658ba13ba8f3d82ee881d3516489ea85c0857"
